
Microsoft Visual Studio Solution File, Format Version 12.00
# Visual Studio Version 17
VisualStudioVersion = 17.9.34902.65
MinimumVisualStudioVersion = 10.0.40219.1
Project("{FAE04EC0-301F-11D3-BF4B-00C04F79EFBC}") = "tema4", "tema4\tema4.csproj", "{3338A974-AED5-4740-BE98-1C6C2D5413C2}"
EndProject
Global
	GlobalSection(SolutionConfigurationPlatforms) = preSolution
		Debug|Any CPU = Debug|Any CPU
		Release|Any CPU = Release|Any CPU
	EndGlobalSection
	GlobalSection(ProjectConfigurationPlatforms) = postSolution
		{3338A974-AED5-4740-BE98-1C6C2D5413C2}.Debug|Any CPU.ActiveCfg = Debug|Any CPU
		{3338A974-AED5-4740-BE98-1C6C2D5413C2}.Debug|Any CPU.Build.0 = Debug|Any CPU
		{3338A974-AED5-4740-BE98-1C6C2D5413C2}.Release|Any CPU.ActiveCfg = Release|Any CPU
		{3338A974-AED5-4740-BE98-1C6C2D5413C2}.Release|Any CPU.Build.0 = Release|Any CPU
	EndGlobalSection
	GlobalSection(SolutionProperties) = preSolution
		HideSolutionNode = FALSE
	EndGlobalSection
	GlobalSection(ExtensibilityGlobals) = postSolution
		SolutionGuid = {74ABDBD4-524A-4B13-8C46-4BC2CD9F2345}
	EndGlobalSection
EndGlobal
